# This file is automatically @generated by Wally.
# It is not intended for manual editing.
registry = "test"

[[package]]
name = "aloroid/vide-studio-components"
version = "0.1.0"
dependencies = [["vide", "aloroid/vide-with-types@0.2.3"]]

[[package]]
name = "aloroid/vide-with-types"
version = "0.2.3"
dependencies = []
